
Microsoft Visual Studio Solution File, Format Version 12.00
# Visual Studio Version 17
VisualStudioVersion = 17.0.32014.148
MinimumVisualStudioVersion = 10.0.40219.1
Project("{FAE04EC0-301F-11D3-BF4B-00C04F79EFBC}") = "EducationalAdministrationSysTem.API", "EducationalAdministrationSysTem.API\EducationalAdministrationSysTem.API.csproj", "{2A970E61-26F8-4DBA-B331-6121C00EA4CE}"
EndProject
Global
	GlobalSection(SolutionConfigurationPlatforms) = preSolution
		Debug|Any CPU = Debug|Any CPU
		Release|Any CPU = Release|Any CPU
	EndGlobalSection
	GlobalSection(ProjectConfigurationPlatforms) = postSolution
		{2A970E61-26F8-4DBA-B331-6121C00EA4CE}.Debug|Any CPU.ActiveCfg = Debug|Any CPU
		{2A970E61-26F8-4DBA-B331-6121C00EA4CE}.Debug|Any CPU.Build.0 = Debug|Any CPU
		{2A970E61-26F8-4DBA-B331-6121C00EA4CE}.Release|Any CPU.ActiveCfg = Release|Any CPU
		{2A970E61-26F8-4DBA-B331-6121C00EA4CE}.Release|Any CPU.Build.0 = Release|Any CPU
	EndGlobalSection
	GlobalSection(SolutionProperties) = preSolution
		HideSolutionNode = FALSE
	EndGlobalSection
	GlobalSection(ExtensibilityGlobals) = postSolution
		SolutionGuid = {2466626B-09EE-4CC6-A283-604A43FDD0C4}
	EndGlobalSection
EndGlobal
